{
  "name": "wsl-open",
  "version": "1.4.2",
  "lockfileVersion": 1,
  "requires": true,
  "dependencies": {
    "bats": {
      "version": "1.1.0",
      "resolved": "https://registry.npmjs.org/bats/-/bats-1.1.0.tgz",
      "integrity": "sha512-1pA29OhDByrUtAXX+nmqZxgRgx2y8PvuZzbLJVjd2dpEDVDvz0MjcBMdmIPNq5lC+tG53G+RbeRsbIlv3vw7tg=="
    },
    "bats-assert": {
      "version": "2.0.0",
      "resolved": "https://registry.npmjs.org/bats-assert/-/bats-assert-2.0.0.tgz",
      "integrity": "sha512-qO3kNilWxW8iCONu9NDUfvsCiC6JzL6DPOc/DGq9z3bZ9/A7wURJ+FnFMxGbofOmWbCoy7pVhofn0o47A95qkQ=="
    },
    "bats-support": {
      "version": "0.3.0",
      "resolved": "https://registry.npmjs.org/bats-support/-/bats-support-0.3.0.tgz",
      "integrity": "sha512-z+2WzXbI4OZgLnynydqH8GpI3+DcOtepO66PlK47SfEzTkiuV9hxn9eIQX+uLVFbt2Oqoc7Ky3TJ/N83lqD+cg=="
    },
    "marked": {
      "version": "0.3.19",
      "resolved": "https://registry.npmjs.org/marked/-/marked-0.3.19.tgz",
      "integrity": "sha512-ea2eGWOqNxPcXv8dyERdSr/6FmzvWwzjMxpfGB/sbMccXoct+xY+YukPD+QTUZwyvK7BZwcr4m21WBOW41pAkg==",
      "dev": true
    },
    "marked-man": {
      "version": "0.2.1",
      "resolved": "https://registry.npmjs.org/marked-man/-/marked-man-0.2.1.tgz",
      "integrity": "sha1-8lknFIHeO1ByY0ifUiG3xaz9I4M=",
      "dev": true,
      "requires": {
        "marked": "^0.3.2"
      }
    },
    "optimist": {
      "version": "0.6.1",
      "resolved": "https://registry.npmjs.org/optimist/-/optimist-0.6.1.tgz",
      "integrity": "sha1-2j6nRob6IaGaERwybpDrFaAZZoY=",
      "dev": true,
      "requires": {
        "minimist": "~0.0.1",
        "wordwrap": "~0.0.2"
      },
      "dependencies": {
        "minimist": {
          "version": "0.0.10",
          "resolved": "https://registry.npmjs.org/minimist/-/minimist-0.0.10.tgz",
          "integrity": "sha1-3j+YVD2/lggr5IrRoMfNqDYwHc8=",
          "dev": true
        }
      }
    },
    "package-json-validator": {
      "version": "0.6.3",
      "resolved": "https://registry.npmjs.org/package-json-validator/-/package-json-validator-0.6.3.tgz",
      "integrity": "sha512-juKiFboV4UKUvWQ+OSxstnyukhuluyuEoFmgZw1Rx21XzmwlgDWLcbl3qzjA3789IRORYhVFs7cmAO0YFGwHCg==",
      "dev": true,
      "requires": {
        "optimist": "~0.6.0"
      }
    },
    "wordwrap": {
      "version": "0.0.3",
      "resolved": "https://registry.npmjs.org/wordwrap/-/wordwrap-0.0.3.tgz",
      "integrity": "sha1-o9XabNXAvAAI03I0u68b7WMFkQc=",
      "dev": true
    }
  }
}
